
Microsoft Visual Studio Solution File, Format Version 12.00
# Visual Studio Version 16
VisualStudioVersion = 16.0.31105.61
MinimumVisualStudioVersion = 10.0.40219.1
Project("{FAE04EC0-301F-11D3-BF4B-00C04F79EFBC}") = "NOMINASOFT", "NOMINASOFT.csproj", "{D6AF9FDE-8089-4BFB-9E78-A3A692CD0CB8}"
EndProject
Project("{2150E333-8FDC-42A3-9474-1A3956D46DE8}") = "Capa.1_Precentación", "Capa.1_Precentación", "{744F36E0-BCDA-4709-9590-8FA7CEB903D8}"
EndProject
Project("{2150E333-8FDC-42A3-9474-1A3956D46DE8}") = "Capa.2_Aplicación", "Capa.2_Aplicación", "{10352167-3FC7-40BB-B602-35F67E1FF6EA}"
EndProject
Project("{2150E333-8FDC-42A3-9474-1A3956D46DE8}") = "Capa.3_Dominio", "Capa.3_Dominio", "{36E07891-F339-41DC-BB15-7C895B0031B0}"
EndProject
Project("{2150E333-8FDC-42A3-9474-1A3956D46DE8}") = "Capa.4_Persistencia", "Capa.4_Persistencia", "{85A57D43-43DB-46AD-9778-6934264DC7BC}"
EndProject
Project("{FAE04EC0-301F-11D3-BF4B-00C04F79EFBC}") = "Capa.2_Aplicacion", "..\Capa.2_Aplicacion\Capa.2_Aplicacion.csproj", "{B5003992-4C67-4D4B-82F4-F5B0A3C419C8}"
EndProject
Project("{FAE04EC0-301F-11D3-BF4B-00C04F79EFBC}") = "Capa.3_Dominio", "..\Capa.3_Dominio\Capa.3_Dominio.csproj", "{841F3596-90DD-40F8-84B3-FDD680A4C169}"
EndProject
Project("{FAE04EC0-301F-11D3-BF4B-00C04F79EFBC}") = "Capa.4_Persistencia", "..\Capa.4_Persistencia\Capa.4_Persistencia.csproj", "{4146712B-A37A-46C0-956A-DF94C08FBD31}"
EndProject
Project("{2150E333-8FDC-42A3-9474-1A3956D46DE8}") = "Pruebas Unitarias", "Pruebas Unitarias", "{69028818-4060-4619-9D79-E33CCA8BE27D}"
EndProject
Project("{FAE04EC0-301F-11D3-BF4B-00C04F79EFBC}") = "NOMINASOFT-ConsolaTest", "..\NOMINASOFT-ConsolaTest\NOMINASOFT-ConsolaTest.csproj", "{71216D70-FBAF-445C-9953-39B0EACAF50A}"
EndProject
Global
	GlobalSection(SolutionConfigurationPlatforms) = preSolution
		Debug|Any CPU = Debug|Any CPU
		Release|Any CPU = Release|Any CPU
	EndGlobalSection
	GlobalSection(ProjectConfigurationPlatforms) = postSolution
		{D6AF9FDE-8089-4BFB-9E78-A3A692CD0CB8}.Debug|Any CPU.ActiveCfg = Debug|Any CPU
		{D6AF9FDE-8089-4BFB-9E78-A3A692CD0CB8}.Debug|Any CPU.Build.0 = Debug|Any CPU
		{D6AF9FDE-8089-4BFB-9E78-A3A692CD0CB8}.Release|Any CPU.ActiveCfg = Release|Any CPU
		{D6AF9FDE-8089-4BFB-9E78-A3A692CD0CB8}.Release|Any CPU.Build.0 = Release|Any CPU
		{B5003992-4C67-4D4B-82F4-F5B0A3C419C8}.Debug|Any CPU.ActiveCfg = Debug|Any CPU
		{B5003992-4C67-4D4B-82F4-F5B0A3C419C8}.Debug|Any CPU.Build.0 = Debug|Any CPU
		{B5003992-4C67-4D4B-82F4-F5B0A3C419C8}.Release|Any CPU.ActiveCfg = Release|Any CPU
		{B5003992-4C67-4D4B-82F4-F5B0A3C419C8}.Release|Any CPU.Build.0 = Release|Any CPU
		{841F3596-90DD-40F8-84B3-FDD680A4C169}.Debug|Any CPU.ActiveCfg = Debug|Any CPU
		{841F3596-90DD-40F8-84B3-FDD680A4C169}.Debug|Any CPU.Build.0 = Debug|Any CPU
		{841F3596-90DD-40F8-84B3-FDD680A4C169}.Release|Any CPU.ActiveCfg = Release|Any CPU
		{841F3596-90DD-40F8-84B3-FDD680A4C169}.Release|Any CPU.Build.0 = Release|Any CPU
		{4146712B-A37A-46C0-956A-DF94C08FBD31}.Debug|Any CPU.ActiveCfg = Debug|Any CPU
		{4146712B-A37A-46C0-956A-DF94C08FBD31}.Debug|Any CPU.Build.0 = Debug|Any CPU
		{4146712B-A37A-46C0-956A-DF94C08FBD31}.Release|Any CPU.ActiveCfg = Release|Any CPU
		{4146712B-A37A-46C0-956A-DF94C08FBD31}.Release|Any CPU.Build.0 = Release|Any CPU
		{71216D70-FBAF-445C-9953-39B0EACAF50A}.Debug|Any CPU.ActiveCfg = Debug|Any CPU
		{71216D70-FBAF-445C-9953-39B0EACAF50A}.Debug|Any CPU.Build.0 = Debug|Any CPU
		{71216D70-FBAF-445C-9953-39B0EACAF50A}.Release|Any CPU.ActiveCfg = Release|Any CPU
		{71216D70-FBAF-445C-9953-39B0EACAF50A}.Release|Any CPU.Build.0 = Release|Any CPU
	EndGlobalSection
	GlobalSection(SolutionProperties) = preSolution
		HideSolutionNode = FALSE
	EndGlobalSection
	GlobalSection(NestedProjects) = preSolution
		{D6AF9FDE-8089-4BFB-9E78-A3A692CD0CB8} = {744F36E0-BCDA-4709-9590-8FA7CEB903D8}
		{B5003992-4C67-4D4B-82F4-F5B0A3C419C8} = {10352167-3FC7-40BB-B602-35F67E1FF6EA}
		{841F3596-90DD-40F8-84B3-FDD680A4C169} = {36E07891-F339-41DC-BB15-7C895B0031B0}
		{4146712B-A37A-46C0-956A-DF94C08FBD31} = {85A57D43-43DB-46AD-9778-6934264DC7BC}
		{71216D70-FBAF-445C-9953-39B0EACAF50A} = {69028818-4060-4619-9D79-E33CCA8BE27D}
	EndGlobalSection
	GlobalSection(ExtensibilityGlobals) = postSolution
		SolutionGuid = {A6357F40-6B66-4587-A3AC-BD56E09FB20F}
	EndGlobalSection
EndGlobal
